
Microsoft Visual Studio Solution File, Format Version 12.00
# Visual Studio Version 17
VisualStudioVersion = 17.9.34902.65
MinimumVisualStudioVersion = 10.0.40219.1
Project("{FAE04EC0-301F-11D3-BF4B-00C04F79EFBC}") = "ApiPeliculas", "ApiPeliculas.csproj", "{102B0524-D0F8-4484-8EA9-BBE0F8B62DC0}"
EndProject
Global
	GlobalSection(SolutionConfigurationPlatforms) = preSolution
		Debug|Any CPU = Debug|Any CPU
		Release|Any CPU = Release|Any CPU
	EndGlobalSection
	GlobalSection(ProjectConfigurationPlatforms) = postSolution
		{102B0524-D0F8-4484-8EA9-BBE0F8B62DC0}.Debug|Any CPU.ActiveCfg = Debug|Any CPU
		{102B0524-D0F8-4484-8EA9-BBE0F8B62DC0}.Debug|Any CPU.Build.0 = Debug|Any CPU
		{102B0524-D0F8-4484-8EA9-BBE0F8B62DC0}.Release|Any CPU.ActiveCfg = Release|Any CPU
		{102B0524-D0F8-4484-8EA9-BBE0F8B62DC0}.Release|Any CPU.Build.0 = Release|Any CPU
	EndGlobalSection
	GlobalSection(SolutionProperties) = preSolution
		HideSolutionNode = FALSE
	EndGlobalSection
	GlobalSection(ExtensibilityGlobals) = postSolution
		SolutionGuid = {9FED7050-42CF-42C0-903A-BC4CD5D85569}
	EndGlobalSection
EndGlobal
